{
  "name": "hexo-admin-panel",
  "version": "1.0.0",
  "lockfileVersion": 3,
  "requires": true,
  "packages": {
    "": {
      "name": "hexo-admin-panel",
      "version": "1.0.0",
      "license": "MIT",
      "dependencies": {
        "hexo-front-matter": "^4.2.1",
        "js-yaml": "^4.1.1"
      },
      "engines": {
        "node": ">=14.0.0"
      }
    },
    "node_modules/argparse": {
      "version": "2.0.1",
      "resolved": "https://registry.npmmirror.com/argparse/-/argparse-2.0.1.tgz",
      "integrity": "sha512-8+9WqebbFzpX9OR+Wa6O29asIogeRMzcGtAINdpMHHyAg10f05aSFVBbcEqGf/PXw1EjAZ+q2/bEBg3DvurK3Q==",
      "license": "Python-2.0"
    },
    "node_modules/hexo-front-matter": {
      "version": "4.2.1",
      "resolved": "https://registry.npmmirror.com/hexo-front-matter/-/hexo-front-matter-4.2.1.tgz",
      "integrity": "sha512-sJJI0GNmejYiwBvgnGRKn5V3sbODB4dNPr8jyw2Qp0PRHr4Uuyv8iyxw6WfK3+T7yvzYvJOh+tZ7jnwr2BYARA==",
      "license": "MIT",
      "dependencies": {
        "js-yaml": "^4.1.0"
      },
      "engines": {
        "node": ">=14"
      }
    },
    "node_modules/js-yaml": {
      "version": "4.1.1",
      "resolved": "https://registry.npmmirror.com/js-yaml/-/js-yaml-4.1.1.tgz",
      "integrity": "sha512-qQKT4zQxXl8lLwBtHMWwaTcGfFOZviOJet3Oy/xmGk2gZH677CJM9EvtfdSkgWcATZhj/55JZ0rmy3myCT5lsA==",
      "license": "MIT",
      "dependencies": {
        "argparse": "^2.0.1"
      },
      "bin": {
        "js-yaml": "bin/js-yaml.js"
      }
    }
  }
}
